// !$*UTF8*$!
{
	archiveVersion = 1;
	classes = {
	};
	objectVersion = 48;
	objects = {

/* Begin PBXBuildFile section */
		63CDD0433FAF55E6B7CCC403 /* libPods-MapBox.a in Frameworks */ = {isa = PBXBuildFile; fileRef = 2E4766337FD5F69F91524B00 /* libPods-MapBox.a */; };
		F29FB89C2061999B00C115AF /* AppDelegate.swift in Sources */ = {isa = PBXBuildFile; fileRef = F29FB89B2061999B00C115AF /* AppDelegate.swift */; };
		F29FB89E2061999B00C115AF /* ViewController.swift in Sources */ = {isa = PBXBuildFile; fileRef = F29FB89D2061999B00C115AF /* ViewController.swift */; };
		F29FB8A12061999B00C115AF /* Main.storyboard in Resources */ = {isa = PBXBuildFile; fileRef = F29FB89F2061999B00C115AF /* Main.storyboard */; };
		F29FB8A32061999B00C115AF /* Assets.xcassets in Resources */ = {isa = PBXBuildFile; fileRef = F29FB8A22061999B00C115AF /* Assets.xcassets */; };
		F29FB8A62061999B00C115AF /* LaunchScreen.storyboard in Resources */ = {isa = PBXBuildFile; fileRef = F29FB8A42061999B00C115AF /* LaunchScreen.storyboard */; };
/* End PBXBuildFile section */

/* Begin PBXFileReference section */
		2E4766337FD5F69F91524B00 /* libPods-MapBox.a */ = {isa = PBXFileReference; explicitFileType = archive.ar; includeInIndex = 0; path = "libPods-MapBox.a"; sourceTree = BUILT_PRODUCTS_DIR; };
		8BAF0479EF4762148C0E8830 /* Pods-MapBox.release.xcconfig */ = {isa = PBXFileReference; includeInIndex = 1; lastKnownFileType = text.xcconfig; name = "Pods-MapBox.release.xcconfig"; path = "Pods/Target Support Files/Pods-MapBox/Pods-MapBox.release.xcconfig"; sourceTree = "<group>"; };
		F29FB8982061999B00C115AF /* MapBox.app */ = {isa = PBXFileReference; explicitFileType = wrapper.application; includeInIndex = 0; path = MapBox.app; sourceTree = BUILT_PRODUCTS_DIR; };
		F29FB89B2061999B00C115AF /* AppDelegate.swift */ = {isa = PBXFileReference; lastKnownFileType = sourcecode.swift; path = AppDelegate.swift; sourceTree = "<group>"; };
		F29FB89D2061999B00C115AF /* ViewController.swift */ = {isa = PBXFileReference; lastKnownFileType = sourcecode.swift; path = ViewController.swift; sourceTree = "<group>"; };
		F29FB8A02061999B00C115AF /* Base */ = {isa = PBXFileReference; lastKnownFileType = file.storyboard; name = Base; path = Base.lproj/Main.storyboard; sourceTree = "<group>"; };
		F29FB8A22061999B00C115AF /* Assets.xcassets */ = {isa = PBXFileReference; lastKnownFileType = folder.assetcatalog; path = Assets.xcassets; sourceTree = "<group>"; };
		F29FB8A52061999B00C115AF /* Base */ = {isa = PBXFileReference; lastKnownFileType = file.storyboard; name = Base; path = Base.lproj/LaunchScreen.storyboard; sourceTree = "<group>"; };
		F29FB8A72061999B00C115AF /* Info.plist */ = {isa = PBXFileReference; lastKnownFileType = text.plist.xml; path = Info.plist; sourceTree = "<group>"; };
		F948891FCA400827582B70D2 /* Pods-MapBox.debug.xcconfig */ = {isa = PBXFileReference; includeInIndex = 1; lastKnownFileType = text.xcconfig; name = "Pods-MapBox.debug.xcconfig"; path = "Pods/Target Support Files/Pods-MapBox/Pods-MapBox.debug.xcconfig"; sourceTree = "<group>"; };
/* End PBXFileReference section */

/* Begin PBXFrameworksBuildPhase section */
		F29FB8952061999B00C115AF /* Frameworks */ = {
			isa = PBXFrameworksBuildPhase;
			buildActionMask = 2147483647;
			files = (
				63CDD0433FAF55E6B7CCC403 /* libPods-MapBox.a in Frameworks */,
			);
			runOnlyForDeploymentPostprocessing = 0;
		};
/* End PBXFrameworksBuildPhase section */

/* Begin PBXGroup section */
		8B1F5E131FCDB57B8C388F20 /* Pods */ = {
			isa = PBXGroup;
			children = (
				F948891FCA400827582B70D2 /* Pods-MapBox.debug.xcconfig */,
				8BAF0479EF4762148C0E8830 /* Pods-MapBox.release.xcconfig */,
			);
			name = Pods;
			sourceTree = "<group>";
		};
		CB748E881D4D138808673B7D /* Frameworks */ = {
			isa = PBXGroup;
			children = (
				2E4766337FD5F69F91524B00 /* libPods-MapBox.a */,
			);
			name = Frameworks;
			sourceTree = "<group>";
		};
		F29FB88F2061999B00C115AF = {
			isa = PBXGroup;
			children = (
				F29FB89A2061999B00C115AF /* MapBox */,
				F29FB8992061999B00C115AF /* Products */,
				8B1F5E131FCDB57B8C388F20 /* Pods */,
				CB748E881D4D138808673B7D /* Frameworks */,
			);
			sourceTree = "<group>";
		};
		F29FB8992061999B00C115AF /* Products */ = {
			isa = PBXGroup;
			children = (
				F29FB8982061999B00C115AF /* MapBox.app */,
			);
			name = Products;
			sourceTree = "<group>";
		};
		F29FB89A2061999B00C115AF /* MapBox */ = {
			isa = PBXGroup;
			children = (
				F29FB89B2061999B00C115AF /* AppDelegate.swift */,
				F29FB89D2061999B00C115AF /* ViewController.swift */,
				F29FB89F2061999B00C115AF /* Main.storyboard */,
				F29FB8A22061999B00C115AF /* Assets.xcassets */,
				F29FB8A42061999B00C115AF /* LaunchScreen.storyboard */,
				F29FB8A72061999B00C115AF /* Info.plist */,
			);
			path = MapBox;
			sourceTree = "<group>";
		};
/* End PBXGroup section */

/* Begin PBXNativeTarget section */
		F29FB8972061999B00C115AF /* MapBox */ = {
			isa = PBXNativeTarget;
			buildConfigurationList = F29FB8AA2061999B00C115AF /* Build configuration list for PBXNativeTarget "MapBox" */;
			buildPhases = (
				126CD8EE86025C206B813F5F /* [CP] Check Pods Manifest.lock */,
				F29FB8942061999B00C115AF /* Sources */,
				F29FB8952061999B00C115AF /* Frameworks */,
				F29FB8962061999B00C115AF /* Resources */,
				27D91EA5D68A81838B372DCD /* [CP] Embed Pods Frameworks */,
				A8E85B1138662763ECAE0A85 /* [CP] Copy Pods Resources */,
			);
			buildRules = (
			);
			dependencies = (
			);
			name = MapBox;
			productName = MapBox;
			productReference = F29FB8982061999B00C115AF /* MapBox.app */;
			productType = "com.apple.product-type.application";
		};
/* End PBXNativeTarget section */

/* Begin PBXProject section */
		F29FB8902061999B00C115AF /* Project object */ = {
			isa = PBXProject;
			attributes = {
				LastSwiftUpdateCheck = 0920;
				LastUpgradeCheck = 0920;
				ORGANIZATIONNAME = UponeX;
				TargetAttributes = {
					F29FB8972061999B00C115AF = {
						CreatedOnToolsVersion = 9.2;
						ProvisioningStyle = Automatic;
					};
				};
			};
			buildConfigurationList = F29FB8932061999B00C115AF /* Build configuration list for PBXProject "MapBox" */;
			compatibilityVersion = "Xcode 8.0";
			developmentRegion = en;
			hasScannedForEncodings = 0;
			knownRegions = (
				en,
				Base,
			);
			mainGroup = F29FB88F2061999B00C115AF;
			productRefGroup = F29FB8992061999B00C115AF /* Products */;
			projectDirPath = "";
			projectRoot = "";
			targets = (
				F29FB8972061999B00C115AF /* MapBox */,
			);
		};
/* End PBXProject section */

/* Begin PBXResourcesBuildPhase section */
		F29FB8962061999B00C115AF /* Resources */ = {
			isa = PBXResourcesBuildPhase;
			buildActionMask = 2147483647;
			files = (
				F29FB8A62061999B00C115AF /* LaunchScreen.storyboard in Resources */,
				F29FB8A32061999B00C115AF /* Assets.xcassets in Resources */,
				F29FB8A12061999B00C115AF /* Main.storyboard in Resources */,
			);
			runOnlyForDeploymentPostprocessing = 0;
		};
/* End PBXResourcesBuildPhase section */

/* Begin PBXShellScriptBuildPhase section */
		126CD8EE86025C206B813F5F /* [CP] Check Pods Manifest.lock */ = {
			isa = PBXShellScriptBuildPhase;
			buildActionMask = 2147483647;
			files = (
			);
			inputPaths = (
				"${PODS_PODFILE_DIR_PATH}/Podfile.lock",
				"${PODS_ROOT}/Manifest.lock",
			);
			name = "[CP] Check Pods Manifest.lock";
			outputPaths = (
				"$(DERIVED_FILE_DIR)/Pods-MapBox-checkManifestLockResult.txt",
			);
			runOnlyForDeploymentPostprocessing = 0;
			shellPath = /bin/sh;
			shellScript = "diff \"${PODS_PODFILE_DIR_PATH}/Podfile.lock\" \"${PODS_ROOT}/Manifest.lock\" > /dev/null\nif [ $? != 0 ] ; then\n    # print error to STDERR\n    echo \"error: The sandbox is not in sync with the Podfile.lock. Run 'pod install' or update your CocoaPods installation.\" >&2\n    exit 1\nfi\n# This output is used by Xcode 'outputs' to avoid re-running this script phase.\necho \"SUCCESS\" > \"${SCRIPT_OUTPUT_FILE_0}\"\n";
			showEnvVarsInLog = 0;
		};
		27D91EA5D68A81838B372DCD /* [CP] Embed Pods Frameworks */ = {
			isa = PBXShellScriptBuildPhase;
			buildActionMask = 2147483647;
			files = (
			);
			inputPaths = (
				"${SRCROOT}/Pods/Target Support Files/Pods-MapBox/Pods-MapBox-frameworks.sh",
				"${PODS_ROOT}/Mapbox-iOS-SDK/dynamic/Mapbox.framework",
				"${PODS_ROOT}/Mapbox-iOS-SDK/dynamic/Mapbox.framework.dSYM",
			);
			name = "[CP] Embed Pods Frameworks";
			outputPaths = (
				"${TARGET_BUILD_DIR}/${FRAMEWORKS_FOLDER_PATH}/Mapbox.framework",
				"${DWARF_DSYM_FOLDER_PATH}/Mapbox.framework.dSYM",
			);
			runOnlyForDeploymentPostprocessing = 0;
			shellPath = /bin/sh;
			shellScript = "\"${SRCROOT}/Pods/Target Support Files/Pods-MapBox/Pods-MapBox-frameworks.sh\"\n";
			showEnvVarsInLog = 0;
		};
		A8E85B1138662763ECAE0A85 /* [CP] Copy Pods Resources */ = {
			isa = PBXShellScriptBuildPhase;
			buildActionMask = 2147483647;
			files = (
			);
			inputPaths = (
			);
			name = "[CP] Copy Pods Resources";
			outputPaths = (
			);
			runOnlyForDeploymentPostprocessing = 0;
			shellPath = /bin/sh;
			shellScript = "\"${SRCROOT}/Pods/Target Support Files/Pods-MapBox/Pods-MapBox-resources.sh\"\n";
			showEnvVarsInLog = 0;
		};
/* End PBXShellScriptBuildPhase section */

/* Begin PBXSourcesBuildPhase section */
		F29FB8942061999B00C115AF /* Sources */ = {
			isa = PBXSourcesBuildPhase;
			buildActionMask = 2147483647;
			files = (
				F29FB89E2061999B00C115AF /* ViewController.swift in Sources */,
				F29FB89C2061999B00C115AF /* AppDelegate.swift in Sources */,
			);
			runOnlyForDeploymentPostprocessing = 0;
		};
/* End PBXSourcesBuildPhase section */

/* Begin PBXVariantGroup section */
		F29FB89F2061999B00C115AF /* Main.storyboard */ = {
			isa = PBXVariantGroup;
			children = (
				F29FB8A02061999B00C115AF /* Base */,
			);
			name = Main.storyboard;
			sourceTree = "<group>";
		};
		F29FB8A42061999B00C115AF /* LaunchScreen.storyboard */ = {
			isa = PBXVariantGroup;
			children = (
				F29FB8A52061999B00C115AF /* Base */,
			);
			name = LaunchScreen.storyboard;
			sourceTree = "<group>";
		};
/* End PBXVariantGroup section */

/* Begin XCBuildConfiguration section */
		F29FB8A82061999B00C115AF /* Debug */ = {
			isa = XCBuildConfiguration;
			buildSettings = {
				ALWAYS_SEARCH_USER_PATHS = NO;
				CLANG_ANALYZER_NONNULL = YES;
				CLANG_ANALYZER_NUMBER_OBJECT_CONVERSION = YES_AGGRESSIVE;
				CLANG_CXX_LANGUAGE_STANDARD = "gnu++14";
				CLANG_CXX_LIBRARY = "libc++";
				CLANG_ENABLE_MODULES = YES;
				CLANG_ENABLE_OBJC_ARC = YES;
				CLANG_WARN_BLOCK_CAPTURE_AUTORELEASING = YES;
				CLANG_WARN_BOOL_CONVERSION = YES;
				CLANG_WARN_COMMA = YES;
				CLANG_WARN_CONSTANT_CONVERSION = YES;
				CLANG_WARN_DIRECT_OBJC_ISA_USAGE = YES_ERROR;
				CLANG_WARN_DOCUMENTATION_COMMENTS = YES;
				CLANG_WARN_EMPTY_BODY = YES;
				CLANG_WARN_ENUM_CONVERSION = YES;
				CLANG_WARN_INFINITE_RECURSION = YES;
				CLANG_WARN_INT_CONVERSION = YES;
				CLANG_WARN_NON_LITERAL_NULL_CONVERSION = YES;
				CLANG_WARN_OBJC_LITERAL_CONVERSION = YES;
				CLANG_WARN_OBJC_ROOT_CLASS = YES_ERROR;
				CLANG_WARN_RANGE_LOOP_ANALYSIS = YES;
				CLANG_WARN_STRICT_PROTOTYPES = YES;
				CLANG_WARN_SUSPICIOUS_MOVE = YES;
				CLANG_WARN_UNGUARDED_AVAILABILITY = YES_AGGRESSIVE;
				CLANG_WARN_UNREACHABLE_CODE = YES;
				CLANG_WARN__DUPLICATE_METHOD_MATCH = YES;
				CODE_SIGN_IDENTITY = "iPhone Developer";
				COPY_PHASE_STRIP = NO;
				DEBUG_INFORMATION_FORMAT = dwarf;
				ENABLE_STRICT_OBJC_MSGSEND = YES;
				ENABLE_TESTABILITY = YES;
				GCC_C_LANGUAGE_STANDARD = gnu11;
				GCC_DYNAMIC_NO_PIC = NO;
				GCC_NO_COMMON_BLOCKS = YES;
				GCC_OPTIMIZATION_LEVEL = 0;
				GCC_PREPROCESSOR_DEFINITIONS = (
					"DEBUG=1",
					"$(inherited)",
				);
				GCC_WARN_64_TO_32_BIT_CONVERSION = YES;
				GCC_WARN_ABOUT_RETURN_TYPE = YES_ERROR;
				GCC_WARN_UNDECLARED_SELECTOR = YES;
				GCC_WARN_UNINITIALIZED_AUTOS = YES_AGGRESSIVE;
				GCC_WARN_UNUSED_FUNCTION = YES;
				GCC_WARN_UNUSED_VARIABLE = YES;
				IPHONEOS_DEPLOYMENT_TARGET = 11.2;
				MTL_ENABLE_DEBUG_INFO = YES;
				ONLY_ACTIVE_ARCH = YES;
				SDKROOT = iphoneos;
				SWIFT_ACTIVE_COMPILATION_CONDITIONS = DEBUG;
				SWIFT_OPTIMIZATION_LEVEL = "-Onone";
			};
			name = Debug;
		};
		F29FB8A92061999B00C115AF /* Release */ = {
			isa = XCBuildConfiguration;
			buildSettings = {
				ALWAYS_SEARCH_USER_PATHS = NO;
				CLANG_ANALYZER_NONNULL = YES;
				CLANG_ANALYZER_NUMBER_OBJECT_CONVERSION = YES_AGGRESSIVE;
				CLANG_CXX_LANGUAGE_STANDARD = "gnu++14";
				CLANG_CXX_LIBRARY = "libc++";
				CLANG_ENABLE_MODULES = YES;
				CLANG_ENABLE_OBJC_ARC = YES;
				CLANG_WARN_BLOCK_CAPTURE_AUTORELEASING = YES;
				CLANG_WARN_BOOL_CONVERSION = YES;
				CLANG_WARN_COMMA = YES;
				CLANG_WARN_CONSTANT_CONVERSION = YES;
				CLANG_WARN_DIRECT_OBJC_ISA_USAGE = YES_ERROR;
				CLANG_WARN_DOCUMENTATION_COMMENTS = YES;
				CLANG_WARN_EMPTY_BODY = YES;
				CLANG_WARN_ENUM_CONVERSION = YES;
				CLANG_WARN_INFINITE_RECURSION = YES;
				CLANG_WARN_INT_CONVERSION = YES;
				CLANG_WARN_NON_LITERAL_NULL_CONVERSION = YES;
				CLANG_WARN_OBJC_LITERAL_CONVERSION = YES;
				CLANG_WARN_OBJC_ROOT_CLASS = YES_ERROR;
				CLANG_WARN_RANGE_LOOP_ANALYSIS = YES;
				CLANG_WARN_STRICT_PROTOTYPES = YES;
				CLANG_WARN_SUSPICIOUS_MOVE = YES;
				CLANG_WARN_UNGUARDED_AVAILABILITY = YES_AGGRESSIVE;
				CLANG_WARN_UNREACHABLE_CODE = YES;
				CLANG_WARN__DUPLICATE_METHOD_MATCH = YES;
				CODE_SIGN_IDENTITY = "iPhone Developer";
				COPY_PHASE_STRIP = NO;
				DEBUG_INFORMATION_FORMAT = "dwarf-with-dsym";
				ENABLE_NS_ASSERTIONS = NO;
				ENABLE_STRICT_OBJC_MSGSEND = YES;
				GCC_C_LANGUAGE_STANDARD = gnu11;
				GCC_NO_COMMON_BLOCKS = YES;
				GCC_WARN_64_TO_32_BIT_CONVERSION = YES;
				GCC_WARN_ABOUT_RETURN_TYPE = YES_ERROR;
				GCC_WARN_UNDECLARED_SELECTOR = YES;
				GCC_WARN_UNINITIALIZED_AUTOS = YES_AGGRESSIVE;
				GCC_WARN_UNUSED_FUNCTION = YES;
				GCC_WARN_UNUSED_VARIABLE = YES;
				IPHONEOS_DEPLOYMENT_TARGET = 11.2;
				MTL_ENABLE_DEBUG_INFO = NO;
				SDKROOT = iphoneos;
				SWIFT_OPTIMIZATION_LEVEL = "-Owholemodule";
				VALIDATE_PRODUCT = YES;
			};
			name = Release;
		};
		F29FB8AB2061999B00C115AF /* Debug */ = {
			isa = XCBuildConfiguration;
			baseConfigurationReference = F948891FCA400827582B70D2 /* Pods-MapBox.debug.xcconfig */;
			buildSettings = {
				ASSETCATALOG_COMPILER_APPICON_NAME = AppIcon;
				CODE_SIGN_STYLE = Automatic;
				DEVELOPMENT_TEAM = 9Q6AD869SR;
				INFOPLIST_FILE = MapBox/Info.plist;
				LD_RUNPATH_SEARCH_PATHS = "$(inherited) @executable_path/Frameworks";
				PRODUCT_BUNDLE_IDENTIFIER = com.uponex.MapBox;
				PRODUCT_NAME = "$(TARGET_NAME)";
				SWIFT_VERSION = 4.0;
				TARGETED_DEVICE_FAMILY = "1,2";
			};
			name = Debug;
		};
		F29FB8AC2061999B00C115AF /* Release */ = {
			isa = XCBuildConfiguration;
			baseConfigurationReference = 8BAF0479EF4762148C0E8830 /* Pods-MapBox.release.xcconfig */;
			buildSettings = {
				ASSETCATALOG_COMPILER_APPICON_NAME = AppIcon;
				CODE_SIGN_STYLE = Automatic;
				DEVELOPMENT_TEAM = 9Q6AD869SR;
				INFOPLIST_FILE = MapBox/Info.plist;
				LD_RUNPATH_SEARCH_PATHS = "$(inherited) @executable_path/Frameworks";
				PRODUCT_BUNDLE_IDENTIFIER = com.uponex.MapBox;
				PRODUCT_NAME = "$(TARGET_NAME)";
				SWIFT_VERSION = 4.0;
				TARGETED_DEVICE_FAMILY = "1,2";
			};
			name = Release;
		};
/* End XCBuildConfiguration section */

/* Begin XCConfigurationList section */
		F29FB8932061999B00C115AF /* Build configuration list for PBXProject "MapBox" */ = {
			isa = XCConfigurationList;
			buildConfigurations = (
				F29FB8A82061999B00C115AF /* Debug */,
				F29FB8A92061999B00C115AF /* Release */,
			);
			defaultConfigurationIsVisible = 0;
			defaultConfigurationName = Release;
		};
		F29FB8AA2061999B00C115AF /* Build configuration list for PBXNativeTarget "MapBox" */ = {
			isa = XCConfigurationList;
			buildConfigurations = (
				F29FB8AB2061999B00C115AF /* Debug */,
				F29FB8AC2061999B00C115AF /* Release */,
			);
			defaultConfigurationIsVisible = 0;
			defaultConfigurationName = Release;
		};
/* End XCConfigurationList section */
	};
	rootObject = F29FB8902061999B00C115AF /* Project object */;
}
